
Microsoft Visual Studio Solution File, Format Version 12.00
# Visual Studio 15
Project("{FAE04EC0-301F-11D3-BF4B-00C04F79EFBC}") = "PhotonUnityNetworking.Demos", "PhotonUnityNetworking.Demos.csproj", "{F0D58B1D-9F8B-55A6-C6CC-CAB47F01252D}"
EndProject
Project("{FAE04EC0-301F-11D3-BF4B-00C04F79EFBC}") = "PhotonUnityNetworking.Utilities", "PhotonUnityNetworking.Utilities.csproj", "{CCE3E7F9-337F-6A8B-2C05-903BE0F271AD}"
EndProject
Project("{FAE04EC0-301F-11D3-BF4B-00C04F79EFBC}") = "PhotonChat", "PhotonChat.csproj", "{3935BAC9-6A35-6BD5-A980-B4E7A854D573}"
EndProject
Project("{FAE04EC0-301F-11D3-BF4B-00C04F79EFBC}") = "PhotonUnityNetworking", "PhotonUnityNetworking.csproj", "{6066F06D-E42A-98FC-0638-162B0C9B4441}"
EndProject
Project("{FAE04EC0-301F-11D3-BF4B-00C04F79EFBC}") = "Assembly-CSharp", "Assembly-CSharp.csproj", "{B1A3E70C-1560-0176-183C-7D4DE07384BD}"
EndProject
Project("{FAE04EC0-301F-11D3-BF4B-00C04F79EFBC}") = "PhotonRealtime", "PhotonRealtime.csproj", "{81ABB30A-92EB-C6FC-124B-5EFF0219F321}"
EndProject
Project("{FAE04EC0-301F-11D3-BF4B-00C04F79EFBC}") = "PhotonUnityNetworking.Editor", "PhotonUnityNetworking.Editor.csproj", "{8D29941B-9999-A3AE-7074-5B5ABFE7481B}"
EndProject
Project("{FAE04EC0-301F-11D3-BF4B-00C04F79EFBC}") = "PunDemos.DemoHubEditor", "PunDemos.DemoHubEditor.csproj", "{0A6040E4-D9ED-1090-FACF-715D153F9BA5}"
EndProject
Project("{FAE04EC0-301F-11D3-BF4B-00C04F79EFBC}") = "PhotonUnityNetworking.Utilities.PhotonPlayer.Editor", "PhotonUnityNetworking.Utilities.PhotonPlayer.Editor.csproj", "{2C2EBD6C-E12D-133E-5D51-1A13D96D8857}"
EndProject
Project("{FAE04EC0-301F-11D3-BF4B-00C04F79EFBC}") = "PhotonUnityNetworking.Utilities.Culling.Editor", "PhotonUnityNetworking.Utilities.Culling.Editor.csproj", "{54FB3B63-3442-C5BD-AB22-DA3FE0A480C2}"
EndProject
Project("{FAE04EC0-301F-11D3-BF4B-00C04F79EFBC}") = "Assembly-CSharp-Editor", "Assembly-CSharp-Editor.csproj", "{55D77AF1-0C34-4A1B-6E44-9FE5B363FB3C}"
EndProject
Project("{FAE04EC0-301F-11D3-BF4B-00C04F79EFBC}") = "PunDemos.DemoSlotcarEditor", "PunDemos.DemoSlotcarEditor.csproj", "{DB820A17-BC7A-1548-540F-A2ECC0EF999A}"
EndProject
Global
	GlobalSection(SolutionConfigurationPlatforms) = preSolution
		Debug|Any CPU = Debug|Any CPU
		Release|Any CPU = Release|Any CPU
	EndGlobalSection
	GlobalSection(ProjectConfigurationPlatforms) = postSolution
		{F0D58B1D-9F8B-55A6-C6CC-CAB47F01252D}.Debug|Any CPU.ActiveCfg = Debug|Any CPU
		{F0D58B1D-9F8B-55A6-C6CC-CAB47F01252D}.Debug|Any CPU.Build.0 = Debug|Any CPU
		{F0D58B1D-9F8B-55A6-C6CC-CAB47F01252D}.Release|Any CPU.ActiveCfg = Release|Any CPU
		{F0D58B1D-9F8B-55A6-C6CC-CAB47F01252D}.Release|Any CPU.Build.0 = Release|Any CPU
		{CCE3E7F9-337F-6A8B-2C05-903BE0F271AD}.Debug|Any CPU.ActiveCfg = Debug|Any CPU
		{CCE3E7F9-337F-6A8B-2C05-903BE0F271AD}.Debug|Any CPU.Build.0 = Debug|Any CPU
		{CCE3E7F9-337F-6A8B-2C05-903BE0F271AD}.Release|Any CPU.ActiveCfg = Release|Any CPU
		{CCE3E7F9-337F-6A8B-2C05-903BE0F271AD}.Release|Any CPU.Build.0 = Release|Any CPU
		{3935BAC9-6A35-6BD5-A980-B4E7A854D573}.Debug|Any CPU.ActiveCfg = Debug|Any CPU
		{3935BAC9-6A35-6BD5-A980-B4E7A854D573}.Debug|Any CPU.Build.0 = Debug|Any CPU
		{3935BAC9-6A35-6BD5-A980-B4E7A854D573}.Release|Any CPU.ActiveCfg = Release|Any CPU
		{3935BAC9-6A35-6BD5-A980-B4E7A854D573}.Release|Any CPU.Build.0 = Release|Any CPU
		{6066F06D-E42A-98FC-0638-162B0C9B4441}.Debug|Any CPU.ActiveCfg = Debug|Any CPU
		{6066F06D-E42A-98FC-0638-162B0C9B4441}.Debug|Any CPU.Build.0 = Debug|Any CPU
		{6066F06D-E42A-98FC-0638-162B0C9B4441}.Release|Any CPU.ActiveCfg = Release|Any CPU
		{6066F06D-E42A-98FC-0638-162B0C9B4441}.Release|Any CPU.Build.0 = Release|Any CPU
		{B1A3E70C-1560-0176-183C-7D4DE07384BD}.Debug|Any CPU.ActiveCfg = Debug|Any CPU
		{B1A3E70C-1560-0176-183C-7D4DE07384BD}.Debug|Any CPU.Build.0 = Debug|Any CPU
		{B1A3E70C-1560-0176-183C-7D4DE07384BD}.Release|Any CPU.ActiveCfg = Release|Any CPU
		{B1A3E70C-1560-0176-183C-7D4DE07384BD}.Release|Any CPU.Build.0 = Release|Any CPU
		{81ABB30A-92EB-C6FC-124B-5EFF0219F321}.Debug|Any CPU.ActiveCfg = Debug|Any CPU
		{81ABB30A-92EB-C6FC-124B-5EFF0219F321}.Debug|Any CPU.Build.0 = Debug|Any CPU
		{81ABB30A-92EB-C6FC-124B-5EFF0219F321}.Release|Any CPU.ActiveCfg = Release|Any CPU
		{81ABB30A-92EB-C6FC-124B-5EFF0219F321}.Release|Any CPU.Build.0 = Release|Any CPU
		{8D29941B-9999-A3AE-7074-5B5ABFE7481B}.Debug|Any CPU.ActiveCfg = Debug|Any CPU
		{8D29941B-9999-A3AE-7074-5B5ABFE7481B}.Debug|Any CPU.Build.0 = Debug|Any CPU
		{8D29941B-9999-A3AE-7074-5B5ABFE7481B}.Release|Any CPU.ActiveCfg = Release|Any CPU
		{8D29941B-9999-A3AE-7074-5B5ABFE7481B}.Release|Any CPU.Build.0 = Release|Any CPU
		{0A6040E4-D9ED-1090-FACF-715D153F9BA5}.Debug|Any CPU.ActiveCfg = Debug|Any CPU
		{0A6040E4-D9ED-1090-FACF-715D153F9BA5}.Debug|Any CPU.Build.0 = Debug|Any CPU
		{0A6040E4-D9ED-1090-FACF-715D153F9BA5}.Release|Any CPU.ActiveCfg = Release|Any CPU
		{0A6040E4-D9ED-1090-FACF-715D153F9BA5}.Release|Any CPU.Build.0 = Release|Any CPU
		{2C2EBD6C-E12D-133E-5D51-1A13D96D8857}.Debug|Any CPU.ActiveCfg = Debug|Any CPU
		{2C2EBD6C-E12D-133E-5D51-1A13D96D8857}.Debug|Any CPU.Build.0 = Debug|Any CPU
		{2C2EBD6C-E12D-133E-5D51-1A13D96D8857}.Release|Any CPU.ActiveCfg = Release|Any CPU
		{2C2EBD6C-E12D-133E-5D51-1A13D96D8857}.Release|Any CPU.Build.0 = Release|Any CPU
		{54FB3B63-3442-C5BD-AB22-DA3FE0A480C2}.Debug|Any CPU.ActiveCfg = Debug|Any CPU
		{54FB3B63-3442-C5BD-AB22-DA3FE0A480C2}.Debug|Any CPU.Build.0 = Debug|Any CPU
		{54FB3B63-3442-C5BD-AB22-DA3FE0A480C2}.Release|Any CPU.ActiveCfg = Release|Any CPU
		{54FB3B63-3442-C5BD-AB22-DA3FE0A480C2}.Release|Any CPU.Build.0 = Release|Any CPU
		{55D77AF1-0C34-4A1B-6E44-9FE5B363FB3C}.Debug|Any CPU.ActiveCfg = Debug|Any CPU
		{55D77AF1-0C34-4A1B-6E44-9FE5B363FB3C}.Debug|Any CPU.Build.0 = Debug|Any CPU
		{55D77AF1-0C34-4A1B-6E44-9FE5B363FB3C}.Release|Any CPU.ActiveCfg = Release|Any CPU
		{55D77AF1-0C34-4A1B-6E44-9FE5B363FB3C}.Release|Any CPU.Build.0 = Release|Any CPU
		{DB820A17-BC7A-1548-540F-A2ECC0EF999A}.Debug|Any CPU.ActiveCfg = Debug|Any CPU
		{DB820A17-BC7A-1548-540F-A2ECC0EF999A}.Debug|Any CPU.Build.0 = Debug|Any CPU
		{DB820A17-BC7A-1548-540F-A2ECC0EF999A}.Release|Any CPU.ActiveCfg = Release|Any CPU
		{DB820A17-BC7A-1548-540F-A2ECC0EF999A}.Release|Any CPU.Build.0 = Release|Any CPU
	EndGlobalSection
	GlobalSection(SolutionProperties) = preSolution
		HideSolutionNode = FALSE
	EndGlobalSection
EndGlobal
