
Microsoft Visual Studio Solution File, Format Version 12.00
# Visual Studio 15
VisualStudioVersion = 15.0.28307.329
MinimumVisualStudioVersion = 10.0.40219.1
Project("{FAE04EC0-301F-11D3-BF4B-00C04F79EFBC}") = "DTWScaleMeter", "DTWScaleMeter\DTWScaleMeter.csproj", "{5EA831B7-36D6-40A2-8123-BAB199634CD1}"
EndProject
Project("{FAE04EC0-301F-11D3-BF4B-00C04F79EFBC}") = "REVIREPanels", "REVIREPanels\REVIREPanels.csproj", "{1CFC3C94-D813-41CA-8214-3765E9C73731}"
EndProject
Global
	GlobalSection(SolutionConfigurationPlatforms) = preSolution
		Debug|Any CPU = Debug|Any CPU
		Release|Any CPU = Release|Any CPU
	EndGlobalSection
	GlobalSection(ProjectConfigurationPlatforms) = postSolution
		{5EA831B7-36D6-40A2-8123-BAB199634CD1}.Debug|Any CPU.ActiveCfg = Debug|Any CPU
		{5EA831B7-36D6-40A2-8123-BAB199634CD1}.Debug|Any CPU.Build.0 = Debug|Any CPU
		{5EA831B7-36D6-40A2-8123-BAB199634CD1}.Release|Any CPU.ActiveCfg = Release|Any CPU
		{5EA831B7-36D6-40A2-8123-BAB199634CD1}.Release|Any CPU.Build.0 = Release|Any CPU
		{1CFC3C94-D813-41CA-8214-3765E9C73731}.Debug|Any CPU.ActiveCfg = Debug|Any CPU
		{1CFC3C94-D813-41CA-8214-3765E9C73731}.Debug|Any CPU.Build.0 = Debug|Any CPU
		{1CFC3C94-D813-41CA-8214-3765E9C73731}.Release|Any CPU.ActiveCfg = Release|Any CPU
		{1CFC3C94-D813-41CA-8214-3765E9C73731}.Release|Any CPU.Build.0 = Release|Any CPU
	EndGlobalSection
	GlobalSection(SolutionProperties) = preSolution
		HideSolutionNode = FALSE
	EndGlobalSection
	GlobalSection(ExtensibilityGlobals) = postSolution
		SolutionGuid = {46F60A22-E442-4857-9CD2-2A7F51591CE6}
	EndGlobalSection
EndGlobal
